
Microsoft Visual Studio Solution File, Format Version 12.00
# Visual Studio Version 16
VisualStudioVersion = 16.0.30804.86
MinimumVisualStudioVersion = 10.0.40219.1
Project("{FAE04EC0-301F-11D3-BF4B-00C04F79EFBC}") = "GroceryShop.App", "GroceryShop.App\GroceryShop.App.csproj", "{F741EF30-0D67-4E2C-8F65-941CA6358EF5}"
EndProject
Project("{2150E333-8FDC-42A3-9474-1A3956D46DE8}") = "Solution Items", "Solution Items", "{012DBA62-6757-482C-92BF-7217992956F7}"
	ProjectSection(SolutionItems) = preProject
		.editorconfig = .editorconfig
	EndProjectSection
EndProject
Project("{FAE04EC0-301F-11D3-BF4B-00C04F79EFBC}") = "GroceryShop.Data", "GroceryShop.Data\GroceryShop.Data.csproj", "{7C5B2F60-DC18-426A-A22E-DADAD2B9ECB3}"
EndProject
Project("{FAE04EC0-301F-11D3-BF4B-00C04F79EFBC}") = "GroceryShop.Entity", "GroceryShop.Entity\GroceryShop.Entity.csproj", "{157C729C-8BD7-4415-B10A-A50DCBC5EF91}"
EndProject
Global
	GlobalSection(SolutionConfigurationPlatforms) = preSolution
		Debug|Any CPU = Debug|Any CPU
		Release|Any CPU = Release|Any CPU
	EndGlobalSection
	GlobalSection(ProjectConfigurationPlatforms) = postSolution
		{F741EF30-0D67-4E2C-8F65-941CA6358EF5}.Debug|Any CPU.ActiveCfg = Debug|Any CPU
		{F741EF30-0D67-4E2C-8F65-941CA6358EF5}.Debug|Any CPU.Build.0 = Debug|Any CPU
		{F741EF30-0D67-4E2C-8F65-941CA6358EF5}.Release|Any CPU.ActiveCfg = Release|Any CPU
		{F741EF30-0D67-4E2C-8F65-941CA6358EF5}.Release|Any CPU.Build.0 = Release|Any CPU
		{7C5B2F60-DC18-426A-A22E-DADAD2B9ECB3}.Debug|Any CPU.ActiveCfg = Debug|Any CPU
		{7C5B2F60-DC18-426A-A22E-DADAD2B9ECB3}.Debug|Any CPU.Build.0 = Debug|Any CPU
		{7C5B2F60-DC18-426A-A22E-DADAD2B9ECB3}.Release|Any CPU.ActiveCfg = Release|Any CPU
		{7C5B2F60-DC18-426A-A22E-DADAD2B9ECB3}.Release|Any CPU.Build.0 = Release|Any CPU
		{157C729C-8BD7-4415-B10A-A50DCBC5EF91}.Debug|Any CPU.ActiveCfg = Debug|Any CPU
		{157C729C-8BD7-4415-B10A-A50DCBC5EF91}.Debug|Any CPU.Build.0 = Debug|Any CPU
		{157C729C-8BD7-4415-B10A-A50DCBC5EF91}.Release|Any CPU.ActiveCfg = Release|Any CPU
		{157C729C-8BD7-4415-B10A-A50DCBC5EF91}.Release|Any CPU.Build.0 = Release|Any CPU
	EndGlobalSection
	GlobalSection(SolutionProperties) = preSolution
		HideSolutionNode = FALSE
	EndGlobalSection
	GlobalSection(ExtensibilityGlobals) = postSolution
		SolutionGuid = {AD6D96BA-A1C5-4883-97FF-03DA965759DC}
	EndGlobalSection
EndGlobal
